<?xml version="1.0" encoding="utf-8"?>
<Project ToolsVersion="4.0" xmlns="http://schemas.microsoft.com/developer/msbuild/2003">
  <ItemGroup>
    <Filter Include="소스 파일">
      <UniqueIdentifier>{4FC737F1-C7A5-4376-A066-2A32D752A2FF}</UniqueIdentifier>
      <Extensions>cpp;c;cc;cxx;c++;cppm;ixx;def;odl;idl;hpj;bat;asm;asmx</Extensions>
    </Filter>
    <Filter Include="헤더 파일">
      <UniqueIdentifier>{93995380-89BD-4b04-88EB-625FBE52EBFB}</UniqueIdentifier>
      <Extensions>h;hh;hpp;hxx;h++;hm;inl;inc;ipp;xsd</Extensions>
    </Filter>
    <Filter Include="리소스 파일">
      <UniqueIdentifier>{67DA6AB6-F800-4c08-8B7A-83BB121AAD01}</UniqueIdentifier>
      <Extensions>rc;ico;cur;bmp;dlg;rc2;rct;bin;rgs;gif;jpg;jpeg;jpe;resx;tiff;tif;png;wav;mfcribbon-ms</Extensions>
    </Filter>
    <Filter Include="소스 파일\SOL">
      <UniqueIdentifier>{7dc0296e-d634-41ce-b3f9-3e7b0261263f}</UniqueIdentifier>
    </Filter>
  </ItemGroup>
  <ItemGroup>
    <ClCompile Include="BOJ\NM과 K(1) (18290).cpp">
      <Filter>소스 파일</Filter>
    </ClCompile>
    <ClCompile Include="BOJ\N-Queen (9663).cpp">
      <Filter>소스 파일</Filter>
    </ClCompile>
    <ClCompile Include="BOJ\N과 M (1) (15649).cpp">
      <Filter>소스 파일</Filter>
    </ClCompile>
    <ClCompile Include="BOJ\N과 M (2) (15650).cpp">
      <Filter>소스 파일</Filter>
    </ClCompile>
    <ClCompile Include="BOJ\N과 M (3) (15651).cpp">
      <Filter>소스 파일</Filter>
    </ClCompile>
    <ClCompile Include="BOJ\N과 M (4) (15652).cpp">
      <Filter>소스 파일</Filter>
    </ClCompile>
    <ClCompile Include="BOJ\N과 M (6) (15655).cpp">
      <Filter>소스 파일</Filter>
    </ClCompile>
    <ClCompile Include="BOJ\N과 M (7) (15656).cpp">
      <Filter>소스 파일</Filter>
    </ClCompile>
    <ClCompile Include="BOJ\N과 M (8) (15657).cpp">
      <Filter>소스 파일</Filter>
    </ClCompile>
    <ClCompile Include="BOJ\N과 M (9) (15663).cpp">
      <Filter>소스 파일</Filter>
    </ClCompile>
    <ClCompile Include="BOJ\N과 M (10) (15664).cpp">
      <Filter>소스 파일</Filter>
    </ClCompile>
    <ClCompile Include="BOJ\N과 M (11) (15665).cpp">
      <Filter>소스 파일</Filter>
    </ClCompile>
    <ClCompile Include="BOJ\N과 M (12) (15666).cpp">
      <Filter>소스 파일</Filter>
    </ClCompile>
    <ClCompile Include="BOJ\N과 M(5) (15654).cpp">
      <Filter>소스 파일</Filter>
    </ClCompile>
    <ClCompile Include="BOJ\과자 나눠주기 (16401).cpp">
      <Filter>소스 파일</Filter>
    </ClCompile>
    <ClCompile Include="BOJ\구간 나누기 2 (13397).cpp">
      <Filter>소스 파일</Filter>
    </ClCompile>
    <ClCompile Include="BOJ\기타레슨 (2343).cpp">
      <Filter>소스 파일</Filter>
    </ClCompile>
    <ClCompile Include="BOJ\로또 (6603).cpp">
      <Filter>소스 파일</Filter>
    </ClCompile>
    <ClCompile Include="BOJ\보석 상자 (2792).cpp">
      <Filter>소스 파일</Filter>
    </ClCompile>
    <ClCompile Include="BOJ\부분수열의 합 (1182).cpp">
      <Filter>소스 파일</Filter>
    </ClCompile>
    <ClCompile Include="BOJ\소풍 (2026).cpp">
      <Filter>소스 파일</Filter>
    </ClCompile>
    <ClCompile Include="BOJ\수 찾기(1920).cpp">
      <Filter>소스 파일</Filter>
    </ClCompile>
    <ClCompile Include="BOJ\숫자 카드 (10815).cpp">
      <Filter>소스 파일</Filter>
    </ClCompile>
    <ClCompile Include="BOJ\숫자 카드 2 (10816).cpp">
      <Filter>소스 파일</Filter>
    </ClCompile>
    <ClCompile Include="BOJ\스도쿠 (2239).cpp">
      <Filter>소스 파일</Filter>
    </ClCompile>
    <ClCompile Include="BOJ\스도쿠 (2580).cpp">
      <Filter>소스 파일</Filter>
    </ClCompile>
    <ClCompile Include="BOJ\알파벳 (1987).cpp">
      <Filter>소스 파일</Filter>
    </ClCompile>
    <ClCompile Include="BOJ\암호 만들기 (1759).cpp">
      <Filter>소스 파일</Filter>
    </ClCompile>
    <ClCompile Include="BOJ\연산자 끼워넣기 (14888).cpp">
      <Filter>소스 파일</Filter>
    </ClCompile>
    <ClCompile Include="BOJ\예산 (2512).cpp">
      <Filter>소스 파일</Filter>
    </ClCompile>
    <ClCompile Include="BOJ\이분_나무 자르기 (2805).cpp">
      <Filter>소스 파일</Filter>
    </ClCompile>
    <ClCompile Include="BOJ\정수 제곱근 (2417).cpp">
      <Filter>소스 파일</Filter>
    </ClCompile>
    <ClCompile Include="BOJ\휴게소 세우기 (1477).cpp">
      <Filter>소스 파일</Filter>
    </ClCompile>
    <ClCompile Include="BOJ\최대 힙 %2811279%29.cpp">
      <Filter>소스 파일</Filter>
    </ClCompile>
    <ClCompile Include="BOJ\절대값 힙 %2811286%29.cpp">
      <Filter>소스 파일</Filter>
    </ClCompile>
    <ClCompile Include="BOJ\가운데를 말해요 %281655%29.cpp">
      <Filter>소스 파일</Filter>
    </ClCompile>
    <ClCompile Include="BOJ\중앙값 구하기 %282696%29.cpp">
      <Filter>소스 파일</Filter>
    </ClCompile>
    <ClCompile Include="main.cpp">
      <Filter>소스 파일</Filter>
    </ClCompile>
    <ClCompile Include="BOJ\N번째 큰수 %282075%29.cpp">
      <Filter>소스 파일</Filter>
    </ClCompile>
    <ClCompile Include="BOJ\구간 합 구하기 4 %2811659%29.cpp">
      <Filter>소스 파일</Filter>
    </ClCompile>
    <ClCompile Include="BOJ\구간 합 구하기 - 펜윅트리 %282042%29.cpp">
      <Filter>소스 파일</Filter>
    </ClCompile>
    <ClCompile Include="BOJ\구간 합 구하기 5 %2811660%29.cpp">
      <Filter>소스 파일</Filter>
    </ClCompile>
    <ClCompile Include="BOJ\LCA %2811437%29.cpp">
      <Filter>소스 파일</Filter>
    </ClCompile>
    <ClCompile Include="BOJ\구간 곱 구하기 %2811150%29.cpp">
      <Filter>소스 파일</Filter>
    </ClCompile>
    <ClCompile Include="BOJ\최솟값 구하기 %2810868%29.cpp">
      <Filter>소스 파일</Filter>
    </ClCompile>
    <ClCompile Include="BOJ\커피숍 2 - 세그먼트트리 %281275%29.cpp">
      <Filter>소스 파일</Filter>
    </ClCompile>
    <ClCompile Include="BOJ\커피숍 2 - 팬윅트리 %281275%29.cpp">
      <Filter>소스 파일</Filter>
    </ClCompile>
  </ItemGroup>
</Project>